
Microsoft Visual Studio Solution File, Format Version 11.00
# Visual Studio 2010
Project("{FAE04EC0-301F-11D3-BF4B-00C04F79EFBC}") = "IntegrationTest", "IntegrationTest\IntegrationTest.csproj", "{9AA75EEC-982E-41E8-A531-1ECEFFE5188D}"
EndProject
Project("{FAE04EC0-301F-11D3-BF4B-00C04F79EFBC}") = "IntegrationTest.App", "IntegrationTest.App\IntegrationTest.App.csproj", "{39DB918D-0E48-4C88-8BFE-509AFCE1DE76}"
EndProject
Global
	GlobalSection(SolutionConfigurationPlatforms) = preSolution
		Debug|Any CPU = Debug|Any CPU
		Release|Any CPU = Release|Any CPU
	EndGlobalSection
	GlobalSection(ProjectConfigurationPlatforms) = postSolution
		{9AA75EEC-982E-41E8-A531-1ECEFFE5188D}.Debug|Any CPU.ActiveCfg = Debug|Any CPU
		{9AA75EEC-982E-41E8-A531-1ECEFFE5188D}.Debug|Any CPU.Build.0 = Debug|Any CPU
		{9AA75EEC-982E-41E8-A531-1ECEFFE5188D}.Release|Any CPU.ActiveCfg = Release|Any CPU
		{9AA75EEC-982E-41E8-A531-1ECEFFE5188D}.Release|Any CPU.Build.0 = Release|Any CPU
		{39DB918D-0E48-4C88-8BFE-509AFCE1DE76}.Debug|Any CPU.ActiveCfg = Debug|Any CPU
		{39DB918D-0E48-4C88-8BFE-509AFCE1DE76}.Debug|Any CPU.Build.0 = Debug|Any CPU
		{39DB918D-0E48-4C88-8BFE-509AFCE1DE76}.Release|Any CPU.ActiveCfg = Release|Any CPU
		{39DB918D-0E48-4C88-8BFE-509AFCE1DE76}.Release|Any CPU.Build.0 = Release|Any CPU
	EndGlobalSection
	GlobalSection(SolutionProperties) = preSolution
		HideSolutionNode = FALSE
	EndGlobalSection
EndGlobal
